
Microsoft Visual Studio Solution File, Format Version 12.00
# Visual Studio Version 16
VisualStudioVersion = 16.0.30711.63
MinimumVisualStudioVersion = 10.0.40219.1
Project("{FAE04EC0-301F-11D3-BF4B-00C04F79EFBC}") = "JtechSystem", "JtechSystem\JtechSystem.csproj", "{FF3FAEA3-1497-49B0-8750-D43232AC9AE8}"
EndProject
Global
	GlobalSection(SolutionConfigurationPlatforms) = preSolution
		Debug|Any CPU = Debug|Any CPU
		Release|Any CPU = Release|Any CPU
	EndGlobalSection
	GlobalSection(ProjectConfigurationPlatforms) = postSolution
		{FF3FAEA3-1497-49B0-8750-D43232AC9AE8}.Debug|Any CPU.ActiveCfg = Debug|Any CPU
		{FF3FAEA3-1497-49B0-8750-D43232AC9AE8}.Debug|Any CPU.Build.0 = Debug|Any CPU
		{FF3FAEA3-1497-49B0-8750-D43232AC9AE8}.Release|Any CPU.ActiveCfg = Release|Any CPU
		{FF3FAEA3-1497-49B0-8750-D43232AC9AE8}.Release|Any CPU.Build.0 = Release|Any CPU
	EndGlobalSection
	GlobalSection(SolutionProperties) = preSolution
		HideSolutionNode = FALSE
	EndGlobalSection
	GlobalSection(ExtensibilityGlobals) = postSolution
		SolutionGuid = {0BC81CF7-4113-4857-B676-32B5CCDE5B55}
	EndGlobalSection
EndGlobal
